
Microsoft Visual Studio Solution File, Format Version 12.00
# Visual Studio Version 16
VisualStudioVersion = 16.0.30114.105
MinimumVisualStudioVersion = 10.0.40219.1
Project("{2150E333-8FDC-42A3-9474-1A3956D46DE8}") = "Case1", "Case1", "{59354F8F-6ACC-4AE2-9BB7-F73F3644570C}"
EndProject
Project("{FAE04EC0-301F-11D3-BF4B-00C04F79EFBC}") = "Rabbitmq.Case1.Consumer", "Case1\Rabbitmq.Case1.Consumer\Rabbitmq.Case1.Consumer.csproj", "{A52709CD-9D44-4606-BFEA-FF492061486E}"
EndProject
Project("{FAE04EC0-301F-11D3-BF4B-00C04F79EFBC}") = "Rabbitmq.Case1.Producer", "Case1\Rabbitmq.Case1.Producer\Rabbitmq.Case1.Producer.csproj", "{DF534102-B6B4-4DB3-88A9-6FEB932E1211}"
EndProject
Project("{FAE04EC0-301F-11D3-BF4B-00C04F79EFBC}") = "Rabbitmq.Common", "Common\Rabbitmq.Common.csproj", "{43A25706-4360-4098-9309-523C2F6F6E74}"
EndProject
Project("{2150E333-8FDC-42A3-9474-1A3956D46DE8}") = "Case2", "Case2", "{44DCA67A-8400-42D5-B149-81D824A055D5}"
EndProject
Project("{FAE04EC0-301F-11D3-BF4B-00C04F79EFBC}") = "Rabbitmq.Case2.Producer", "Case2\Rabbitmq.Case2.Producer\Rabbitmq.Case2.Producer.csproj", "{CC8CD6FE-90C4-4621-8CCA-B7CA6A6E53A8}"
EndProject
Project("{FAE04EC0-301F-11D3-BF4B-00C04F79EFBC}") = "Rabbitmq.Case2.Consumer", "Case2\Rabbitmq.Case2.Consumer\Rabbitmq.Case2.Consumer.csproj", "{A7747D37-A859-4C6F-876B-B373E998AD3C}"
EndProject
Project("{2150E333-8FDC-42A3-9474-1A3956D46DE8}") = "Case3", "Case3", "{3C0CCBEE-D583-4CCD-AD8A-ED3ECD25148D}"
EndProject
Project("{FAE04EC0-301F-11D3-BF4B-00C04F79EFBC}") = "Rabbitmq.Case3.Consumer", "Case3\Rabbitmq.Case3.Consumer\Rabbitmq.Case3.Consumer.csproj", "{3EAF2C31-AC66-41F7-9012-13999EE7C767}"
EndProject
Project("{FAE04EC0-301F-11D3-BF4B-00C04F79EFBC}") = "Rabbitmq.Case3.Producer", "Case3\Rabbitmq.Case3.Producer\Rabbitmq.Case3.Producer.csproj", "{3864951D-D55F-42F4-A77D-2BED46894415}"
EndProject
Global
	GlobalSection(SolutionConfigurationPlatforms) = preSolution
		Debug|Any CPU = Debug|Any CPU
		Release|Any CPU = Release|Any CPU
	EndGlobalSection
	GlobalSection(SolutionProperties) = preSolution
		HideSolutionNode = FALSE
	EndGlobalSection
	GlobalSection(ProjectConfigurationPlatforms) = postSolution
		{A52709CD-9D44-4606-BFEA-FF492061486E}.Debug|Any CPU.ActiveCfg = Debug|Any CPU
		{A52709CD-9D44-4606-BFEA-FF492061486E}.Debug|Any CPU.Build.0 = Debug|Any CPU
		{A52709CD-9D44-4606-BFEA-FF492061486E}.Release|Any CPU.ActiveCfg = Release|Any CPU
		{A52709CD-9D44-4606-BFEA-FF492061486E}.Release|Any CPU.Build.0 = Release|Any CPU
		{DF534102-B6B4-4DB3-88A9-6FEB932E1211}.Debug|Any CPU.ActiveCfg = Debug|Any CPU
		{DF534102-B6B4-4DB3-88A9-6FEB932E1211}.Debug|Any CPU.Build.0 = Debug|Any CPU
		{DF534102-B6B4-4DB3-88A9-6FEB932E1211}.Release|Any CPU.ActiveCfg = Release|Any CPU
		{DF534102-B6B4-4DB3-88A9-6FEB932E1211}.Release|Any CPU.Build.0 = Release|Any CPU
		{43A25706-4360-4098-9309-523C2F6F6E74}.Debug|Any CPU.ActiveCfg = Debug|Any CPU
		{43A25706-4360-4098-9309-523C2F6F6E74}.Debug|Any CPU.Build.0 = Debug|Any CPU
		{43A25706-4360-4098-9309-523C2F6F6E74}.Release|Any CPU.ActiveCfg = Release|Any CPU
		{43A25706-4360-4098-9309-523C2F6F6E74}.Release|Any CPU.Build.0 = Release|Any CPU
		{CC8CD6FE-90C4-4621-8CCA-B7CA6A6E53A8}.Debug|Any CPU.ActiveCfg = Debug|Any CPU
		{CC8CD6FE-90C4-4621-8CCA-B7CA6A6E53A8}.Debug|Any CPU.Build.0 = Debug|Any CPU
		{CC8CD6FE-90C4-4621-8CCA-B7CA6A6E53A8}.Release|Any CPU.ActiveCfg = Release|Any CPU
		{CC8CD6FE-90C4-4621-8CCA-B7CA6A6E53A8}.Release|Any CPU.Build.0 = Release|Any CPU
		{A7747D37-A859-4C6F-876B-B373E998AD3C}.Debug|Any CPU.ActiveCfg = Debug|Any CPU
		{A7747D37-A859-4C6F-876B-B373E998AD3C}.Debug|Any CPU.Build.0 = Debug|Any CPU
		{A7747D37-A859-4C6F-876B-B373E998AD3C}.Release|Any CPU.ActiveCfg = Release|Any CPU
		{A7747D37-A859-4C6F-876B-B373E998AD3C}.Release|Any CPU.Build.0 = Release|Any CPU
		{3EAF2C31-AC66-41F7-9012-13999EE7C767}.Debug|Any CPU.ActiveCfg = Debug|Any CPU
		{3EAF2C31-AC66-41F7-9012-13999EE7C767}.Debug|Any CPU.Build.0 = Debug|Any CPU
		{3EAF2C31-AC66-41F7-9012-13999EE7C767}.Release|Any CPU.ActiveCfg = Release|Any CPU
		{3EAF2C31-AC66-41F7-9012-13999EE7C767}.Release|Any CPU.Build.0 = Release|Any CPU
		{3864951D-D55F-42F4-A77D-2BED46894415}.Debug|Any CPU.ActiveCfg = Debug|Any CPU
		{3864951D-D55F-42F4-A77D-2BED46894415}.Debug|Any CPU.Build.0 = Debug|Any CPU
		{3864951D-D55F-42F4-A77D-2BED46894415}.Release|Any CPU.ActiveCfg = Release|Any CPU
		{3864951D-D55F-42F4-A77D-2BED46894415}.Release|Any CPU.Build.0 = Release|Any CPU
	EndGlobalSection
	GlobalSection(NestedProjects) = preSolution
		{A52709CD-9D44-4606-BFEA-FF492061486E} = {59354F8F-6ACC-4AE2-9BB7-F73F3644570C}
		{DF534102-B6B4-4DB3-88A9-6FEB932E1211} = {59354F8F-6ACC-4AE2-9BB7-F73F3644570C}
		{CC8CD6FE-90C4-4621-8CCA-B7CA6A6E53A8} = {44DCA67A-8400-42D5-B149-81D824A055D5}
		{A7747D37-A859-4C6F-876B-B373E998AD3C} = {44DCA67A-8400-42D5-B149-81D824A055D5}
		{3EAF2C31-AC66-41F7-9012-13999EE7C767} = {3C0CCBEE-D583-4CCD-AD8A-ED3ECD25148D}
		{3864951D-D55F-42F4-A77D-2BED46894415} = {3C0CCBEE-D583-4CCD-AD8A-ED3ECD25148D}
	EndGlobalSection
EndGlobal
